
Microsoft Visual Studio Solution File, Format Version 12.00
# Visual Studio Version 16
VisualStudioVersion = 16.0.31112.23
MinimumVisualStudioVersion = 10.0.40219.1
Project("{FAE04EC0-301F-11D3-BF4B-00C04F79EFBC}") = "RecipeBook", "RecipeBook.csproj", "{10084420-658A-409E-848F-239CA4BA68F4}"
EndProject
Project("{2150E333-8FDC-42A3-9474-1A3956D46DE8}") = "Solution Items", "Solution Items", "{CBE229C1-8774-44AE-B8F9-5BDA0CF405CD}"
EndProject
Global
	GlobalSection(SolutionConfigurationPlatforms) = preSolution
		Debug|Any CPU = Debug|Any CPU
		Release|Any CPU = Release|Any CPU
	EndGlobalSection
	GlobalSection(ProjectConfigurationPlatforms) = postSolution
		{10084420-658A-409E-848F-239CA4BA68F4}.Debug|Any CPU.ActiveCfg = Debug|Any CPU
		{10084420-658A-409E-848F-239CA4BA68F4}.Debug|Any CPU.Build.0 = Debug|Any CPU
		{10084420-658A-409E-848F-239CA4BA68F4}.Release|Any CPU.ActiveCfg = Release|Any CPU
		{10084420-658A-409E-848F-239CA4BA68F4}.Release|Any CPU.Build.0 = Release|Any CPU
	EndGlobalSection
	GlobalSection(SolutionProperties) = preSolution
		HideSolutionNode = FALSE
	EndGlobalSection
	GlobalSection(ExtensibilityGlobals) = postSolution
		SolutionGuid = {F2F43AB7-6174-4AC8-8703-8D0525A565FD}
	EndGlobalSection
EndGlobal
